
Microsoft Visual Studio Solution File, Format Version 12.00
# Visual Studio 14
VisualStudioVersion = 14.0.25420.1
MinimumVisualStudioVersion = 10.0.40219.1
Project("{FAE04EC0-301F-11D3-BF4B-00C04F79EFBC}") = "FD.ConsoleApplication", "FD.ConsoleApplication\FD.ConsoleApplication.csproj", "{D96E3040-6313-4780-A657-79C10C4856E9}"
EndProject
Project("{FAE04EC0-301F-11D3-BF4B-00C04F79EFBC}") = "FD.Data.Model", "FD.Data.Model\FD.Data.Model.csproj", "{C32A9D64-2248-411B-8BCC-F847CBCCDA91}"
EndProject
Project("{FAE04EC0-301F-11D3-BF4B-00C04F79EFBC}") = "FD.WebCrawler", "FD.WebCrawler\FD.WebCrawler.csproj", "{929A269A-2EB1-4409-A3BC-92CE9360DAB3}"
EndProject
Project("{FAE04EC0-301F-11D3-BF4B-00C04F79EFBC}") = "FD.Data.Context", "FD.Data.Context\FD.Data.Context.csproj", "{A41C3C1F-4073-4FD9-9BEC-46C1FEDEF1D4}"
EndProject
Project("{FAE04EC0-301F-11D3-BF4B-00C04F79EFBC}") = "FD.Data.Common", "FD.Data.Common\FD.Data.Common.csproj", "{F3B77C56-EBF6-4111-B625-37C690005434}"
EndProject
Global
	GlobalSection(SolutionConfigurationPlatforms) = preSolution
		Debug|Any CPU = Debug|Any CPU
		Release|Any CPU = Release|Any CPU
	EndGlobalSection
	GlobalSection(ProjectConfigurationPlatforms) = postSolution
		{D96E3040-6313-4780-A657-79C10C4856E9}.Debug|Any CPU.ActiveCfg = Debug|Any CPU
		{D96E3040-6313-4780-A657-79C10C4856E9}.Debug|Any CPU.Build.0 = Debug|Any CPU
		{D96E3040-6313-4780-A657-79C10C4856E9}.Release|Any CPU.ActiveCfg = Release|Any CPU
		{D96E3040-6313-4780-A657-79C10C4856E9}.Release|Any CPU.Build.0 = Release|Any CPU
		{C32A9D64-2248-411B-8BCC-F847CBCCDA91}.Debug|Any CPU.ActiveCfg = Debug|Any CPU
		{C32A9D64-2248-411B-8BCC-F847CBCCDA91}.Debug|Any CPU.Build.0 = Debug|Any CPU
		{C32A9D64-2248-411B-8BCC-F847CBCCDA91}.Release|Any CPU.ActiveCfg = Release|Any CPU
		{C32A9D64-2248-411B-8BCC-F847CBCCDA91}.Release|Any CPU.Build.0 = Release|Any CPU
		{929A269A-2EB1-4409-A3BC-92CE9360DAB3}.Debug|Any CPU.ActiveCfg = Debug|Any CPU
		{929A269A-2EB1-4409-A3BC-92CE9360DAB3}.Debug|Any CPU.Build.0 = Debug|Any CPU
		{929A269A-2EB1-4409-A3BC-92CE9360DAB3}.Release|Any CPU.ActiveCfg = Release|Any CPU
		{929A269A-2EB1-4409-A3BC-92CE9360DAB3}.Release|Any CPU.Build.0 = Release|Any CPU
		{A41C3C1F-4073-4FD9-9BEC-46C1FEDEF1D4}.Debug|Any CPU.ActiveCfg = Debug|Any CPU
		{A41C3C1F-4073-4FD9-9BEC-46C1FEDEF1D4}.Debug|Any CPU.Build.0 = Debug|Any CPU
		{A41C3C1F-4073-4FD9-9BEC-46C1FEDEF1D4}.Release|Any CPU.ActiveCfg = Release|Any CPU
		{A41C3C1F-4073-4FD9-9BEC-46C1FEDEF1D4}.Release|Any CPU.Build.0 = Release|Any CPU
		{F3B77C56-EBF6-4111-B625-37C690005434}.Debug|Any CPU.ActiveCfg = Debug|Any CPU
		{F3B77C56-EBF6-4111-B625-37C690005434}.Debug|Any CPU.Build.0 = Debug|Any CPU
		{F3B77C56-EBF6-4111-B625-37C690005434}.Release|Any CPU.ActiveCfg = Release|Any CPU
		{F3B77C56-EBF6-4111-B625-37C690005434}.Release|Any CPU.Build.0 = Release|Any CPU
	EndGlobalSection
	GlobalSection(SolutionProperties) = preSolution
		HideSolutionNode = FALSE
	EndGlobalSection
EndGlobal
